
Microsoft Visual Studio Solution File, Format Version 12.00
# Visual Studio Version 17
VisualStudioVersion = 17.0.31612.314
MinimumVisualStudioVersion = 10.0.40219.1
Project("{9A19103F-16F7-4668-BE54-9A1E7A4F7556}") = "BulkyBookWeb", "BulkyBookWeb\BulkyBookWeb.csproj", "{D9C13C5C-E0A2-4097-959D-D192AD462570}"
EndProject
Project("{FAE04EC0-301F-11D3-BF4B-00C04F79EFBC}") = "BulkyBook.DataAccess", "BulkyBook.DataAccess\BulkyBook.DataAccess.csproj", "{45093049-1F1E-4AFB-BCE6-1C0BFF1C1FDC}"
EndProject
Project("{FAE04EC0-301F-11D3-BF4B-00C04F79EFBC}") = "BulkyBook.Models", "BulkyBook.Models\BulkyBook.Models.csproj", "{918501BA-185A-4A58-A061-4911D79B57F3}"
EndProject
Project("{FAE04EC0-301F-11D3-BF4B-00C04F79EFBC}") = "BulkyBook.Utility", "BulkyBook.Utility\BulkyBook.Utility.csproj", "{F16DDABF-F5E0-419B-B6B8-7B5E570C739B}"
EndProject
Global
	GlobalSection(SolutionConfigurationPlatforms) = preSolution
		Debug|Any CPU = Debug|Any CPU
		Release|Any CPU = Release|Any CPU
	EndGlobalSection
	GlobalSection(ProjectConfigurationPlatforms) = postSolution
		{D9C13C5C-E0A2-4097-959D-D192AD462570}.Debug|Any CPU.ActiveCfg = Debug|Any CPU
		{D9C13C5C-E0A2-4097-959D-D192AD462570}.Debug|Any CPU.Build.0 = Debug|Any CPU
		{D9C13C5C-E0A2-4097-959D-D192AD462570}.Release|Any CPU.ActiveCfg = Release|Any CPU
		{D9C13C5C-E0A2-4097-959D-D192AD462570}.Release|Any CPU.Build.0 = Release|Any CPU
		{45093049-1F1E-4AFB-BCE6-1C0BFF1C1FDC}.Debug|Any CPU.ActiveCfg = Debug|Any CPU
		{45093049-1F1E-4AFB-BCE6-1C0BFF1C1FDC}.Debug|Any CPU.Build.0 = Debug|Any CPU
		{45093049-1F1E-4AFB-BCE6-1C0BFF1C1FDC}.Release|Any CPU.ActiveCfg = Release|Any CPU
		{45093049-1F1E-4AFB-BCE6-1C0BFF1C1FDC}.Release|Any CPU.Build.0 = Release|Any CPU
		{918501BA-185A-4A58-A061-4911D79B57F3}.Debug|Any CPU.ActiveCfg = Debug|Any CPU
		{918501BA-185A-4A58-A061-4911D79B57F3}.Debug|Any CPU.Build.0 = Debug|Any CPU
		{918501BA-185A-4A58-A061-4911D79B57F3}.Release|Any CPU.ActiveCfg = Release|Any CPU
		{918501BA-185A-4A58-A061-4911D79B57F3}.Release|Any CPU.Build.0 = Release|Any CPU
		{F16DDABF-F5E0-419B-B6B8-7B5E570C739B}.Debug|Any CPU.ActiveCfg = Debug|Any CPU
		{F16DDABF-F5E0-419B-B6B8-7B5E570C739B}.Debug|Any CPU.Build.0 = Debug|Any CPU
		{F16DDABF-F5E0-419B-B6B8-7B5E570C739B}.Release|Any CPU.ActiveCfg = Release|Any CPU
		{F16DDABF-F5E0-419B-B6B8-7B5E570C739B}.Release|Any CPU.Build.0 = Release|Any CPU
	EndGlobalSection
	GlobalSection(SolutionProperties) = preSolution
		HideSolutionNode = FALSE
	EndGlobalSection
	GlobalSection(ExtensibilityGlobals) = postSolution
		SolutionGuid = {67149A86-5A92-48E2-BC9F-5430C784F35F}
	EndGlobalSection
EndGlobal
